
Microsoft Visual Studio Solution File, Format Version 12.00
# Visual Studio Version 17
VisualStudioVersion = 17.4.33122.133
MinimumVisualStudioVersion = 10.0.40219.1
Project("{9A19103F-16F7-4668-BE54-9A1E7A4F7556}") = "客户端", "客户端\客户端.csproj", "{55FA1D22-647C-4E13-9E46-D126879D64A4}"
EndProject
Project("{9A19103F-16F7-4668-BE54-9A1E7A4F7556}") = "服务端", "服务端\服务端.csproj", "{E71830C0-B356-466C-9BA5-D3824AA3CBA8}"
EndProject
Project("{9A19103F-16F7-4668-BE54-9A1E7A4F7556}") = "SQLHelper", "SQLHelper\SQLHelper.csproj", "{181018CC-1D40-467C-BFD0-AD123F48510B}"
EndProject
Project("{FAE04EC0-301F-11D3-BF4B-00C04F79EFBC}") = "Entity", "Entity\Entity.csproj", "{C30BC7C6-D0C0-4FE7-AAB1-139F9E2731B7}"
EndProject
Global
	GlobalSection(SolutionConfigurationPlatforms) = preSolution
		Debug|Any CPU = Debug|Any CPU
		Release|Any CPU = Release|Any CPU
	EndGlobalSection
	GlobalSection(ProjectConfigurationPlatforms) = postSolution
		{55FA1D22-647C-4E13-9E46-D126879D64A4}.Debug|Any CPU.ActiveCfg = Debug|Any CPU
		{55FA1D22-647C-4E13-9E46-D126879D64A4}.Debug|Any CPU.Build.0 = Debug|Any CPU
		{55FA1D22-647C-4E13-9E46-D126879D64A4}.Release|Any CPU.ActiveCfg = Release|Any CPU
		{55FA1D22-647C-4E13-9E46-D126879D64A4}.Release|Any CPU.Build.0 = Release|Any CPU
		{E71830C0-B356-466C-9BA5-D3824AA3CBA8}.Debug|Any CPU.ActiveCfg = Debug|Any CPU
		{E71830C0-B356-466C-9BA5-D3824AA3CBA8}.Debug|Any CPU.Build.0 = Debug|Any CPU
		{E71830C0-B356-466C-9BA5-D3824AA3CBA8}.Release|Any CPU.ActiveCfg = Release|Any CPU
		{E71830C0-B356-466C-9BA5-D3824AA3CBA8}.Release|Any CPU.Build.0 = Release|Any CPU
		{181018CC-1D40-467C-BFD0-AD123F48510B}.Debug|Any CPU.ActiveCfg = Debug|Any CPU
		{181018CC-1D40-467C-BFD0-AD123F48510B}.Debug|Any CPU.Build.0 = Debug|Any CPU
		{181018CC-1D40-467C-BFD0-AD123F48510B}.Release|Any CPU.ActiveCfg = Release|Any CPU
		{181018CC-1D40-467C-BFD0-AD123F48510B}.Release|Any CPU.Build.0 = Release|Any CPU
		{C30BC7C6-D0C0-4FE7-AAB1-139F9E2731B7}.Debug|Any CPU.ActiveCfg = Debug|Any CPU
		{C30BC7C6-D0C0-4FE7-AAB1-139F9E2731B7}.Debug|Any CPU.Build.0 = Debug|Any CPU
		{C30BC7C6-D0C0-4FE7-AAB1-139F9E2731B7}.Release|Any CPU.ActiveCfg = Release|Any CPU
		{C30BC7C6-D0C0-4FE7-AAB1-139F9E2731B7}.Release|Any CPU.Build.0 = Release|Any CPU
	EndGlobalSection
	GlobalSection(SolutionProperties) = preSolution
		HideSolutionNode = FALSE
	EndGlobalSection
	GlobalSection(ExtensibilityGlobals) = postSolution
		SolutionGuid = {C63B38E3-5573-45AF-9661-251BA6E2A981}
	EndGlobalSection
EndGlobal
